
Microsoft Visual Studio Solution File, Format Version 12.00
# Visual Studio Version 17
VisualStudioVersion = 17.11.35208.52
MinimumVisualStudioVersion = 10.0.40219.1
Project("{FAE04EC0-301F-11D3-BF4B-00C04F79EFBC}") = "Converter.App", "Converter.App\Converter.App.csproj", "{0BAAEC8F-B922-45C7-8113-437E83340E69}"
EndProject
Project("{FAE04EC0-301F-11D3-BF4B-00C04F79EFBC}") = "Converter.Core", "Converter.Core\Converter.Core.csproj", "{3EBADAFB-5B46-411D-94F5-D976BE9F97A6}"
EndProject
Project("{FAE04EC0-301F-11D3-BF4B-00C04F79EFBC}") = "Converter.Tests", "Converter.Tests\Converter.Tests.csproj", "{858992B2-9B23-4D84-B36A-D1D39C4D512D}"
EndProject
Global
	GlobalSection(SolutionConfigurationPlatforms) = preSolution
		Debug|Any CPU = Debug|Any CPU
		Release|Any CPU = Release|Any CPU
	EndGlobalSection
	GlobalSection(ProjectConfigurationPlatforms) = postSolution
		{0BAAEC8F-B922-45C7-8113-437E83340E69}.Debug|Any CPU.ActiveCfg = Debug|Any CPU
		{0BAAEC8F-B922-45C7-8113-437E83340E69}.Debug|Any CPU.Build.0 = Debug|Any CPU
		{0BAAEC8F-B922-45C7-8113-437E83340E69}.Release|Any CPU.ActiveCfg = Release|Any CPU
		{0BAAEC8F-B922-45C7-8113-437E83340E69}.Release|Any CPU.Build.0 = Release|Any CPU
		{3EBADAFB-5B46-411D-94F5-D976BE9F97A6}.Debug|Any CPU.ActiveCfg = Debug|Any CPU
		{3EBADAFB-5B46-411D-94F5-D976BE9F97A6}.Debug|Any CPU.Build.0 = Debug|Any CPU
		{3EBADAFB-5B46-411D-94F5-D976BE9F97A6}.Release|Any CPU.ActiveCfg = Release|Any CPU
		{3EBADAFB-5B46-411D-94F5-D976BE9F97A6}.Release|Any CPU.Build.0 = Release|Any CPU
		{858992B2-9B23-4D84-B36A-D1D39C4D512D}.Debug|Any CPU.ActiveCfg = Debug|Any CPU
		{858992B2-9B23-4D84-B36A-D1D39C4D512D}.Debug|Any CPU.Build.0 = Debug|Any CPU
		{858992B2-9B23-4D84-B36A-D1D39C4D512D}.Release|Any CPU.ActiveCfg = Release|Any CPU
		{858992B2-9B23-4D84-B36A-D1D39C4D512D}.Release|Any CPU.Build.0 = Release|Any CPU
	EndGlobalSection
	GlobalSection(SolutionProperties) = preSolution
		HideSolutionNode = FALSE
	EndGlobalSection
	GlobalSection(ExtensibilityGlobals) = postSolution
		SolutionGuid = {A0990792-368D-4679-BD28-6C4E6C8DADC4}
	EndGlobalSection
EndGlobal
